
Microsoft Visual Studio Solution File, Format Version 12.00
# Visual Studio 15
VisualStudioVersion = 15.0.27703.2042
MinimumVisualStudioVersion = 10.0.40219.1
Project("{FAE04EC0-301F-11D3-BF4B-00C04F79EFBC}") = "NetworkConnectivity.Android", "NetworkConnectivity\NetworkConnectivity.Android\NetworkConnectivity.Android.csproj", "{277BA785-17DF-4569-8FB0-98259510B39F}"
EndProject
Project("{FAE04EC0-301F-11D3-BF4B-00C04F79EFBC}") = "NetworkConnectivity.iOS", "NetworkConnectivity\NetworkConnectivity.iOS\NetworkConnectivity.iOS.csproj", "{CB4540C9-BEC4-46EB-A4C1-18761ECF5D1A}"
EndProject
Project("{FAE04EC0-301F-11D3-BF4B-00C04F79EFBC}") = "NetworkConnectivity", "NetworkConnectivity\NetworkConnectivity\NetworkConnectivity.csproj", "{B6024747-9ADE-4BFA-91C2-0CD9F228D3BB}"
EndProject
Global
	GlobalSection(SolutionConfigurationPlatforms) = preSolution
		Ad-Hoc|Any CPU = Ad-Hoc|Any CPU
		Ad-Hoc|iPhone = Ad-Hoc|iPhone
		Ad-Hoc|iPhoneSimulator = Ad-Hoc|iPhoneSimulator
		AppStore|Any CPU = AppStore|Any CPU
		AppStore|iPhone = AppStore|iPhone
		AppStore|iPhoneSimulator = AppStore|iPhoneSimulator
		Debug|Any CPU = Debug|Any CPU
		Debug|iPhone = Debug|iPhone
		Debug|iPhoneSimulator = Debug|iPhoneSimulator
		Release|Any CPU = Release|Any CPU
		Release|iPhone = Release|iPhone
		Release|iPhoneSimulator = Release|iPhoneSimulator
	EndGlobalSection
	GlobalSection(ProjectConfigurationPlatforms) = postSolution
		{277BA785-17DF-4569-8FB0-98259510B39F}.Ad-Hoc|Any CPU.ActiveCfg = Release|Any CPU
		{277BA785-17DF-4569-8FB0-98259510B39F}.Ad-Hoc|Any CPU.Build.0 = Release|Any CPU
		{277BA785-17DF-4569-8FB0-98259510B39F}.Ad-Hoc|Any CPU.Deploy.0 = Release|Any CPU
		{277BA785-17DF-4569-8FB0-98259510B39F}.Ad-Hoc|iPhone.ActiveCfg = Release|Any CPU
		{277BA785-17DF-4569-8FB0-98259510B39F}.Ad-Hoc|iPhone.Build.0 = Release|Any CPU
		{277BA785-17DF-4569-8FB0-98259510B39F}.Ad-Hoc|iPhone.Deploy.0 = Release|Any CPU
		{277BA785-17DF-4569-8FB0-98259510B39F}.Ad-Hoc|iPhoneSimulator.ActiveCfg = Release|Any CPU
		{277BA785-17DF-4569-8FB0-98259510B39F}.Ad-Hoc|iPhoneSimulator.Build.0 = Release|Any CPU
		{277BA785-17DF-4569-8FB0-98259510B39F}.Ad-Hoc|iPhoneSimulator.Deploy.0 = Release|Any CPU
		{277BA785-17DF-4569-8FB0-98259510B39F}.AppStore|Any CPU.ActiveCfg = Release|Any CPU
		{277BA785-17DF-4569-8FB0-98259510B39F}.AppStore|Any CPU.Build.0 = Release|Any CPU
		{277BA785-17DF-4569-8FB0-98259510B39F}.AppStore|Any CPU.Deploy.0 = Release|Any CPU
		{277BA785-17DF-4569-8FB0-98259510B39F}.AppStore|iPhone.ActiveCfg = Release|Any CPU
		{277BA785-17DF-4569-8FB0-98259510B39F}.AppStore|iPhone.Build.0 = Release|Any CPU
		{277BA785-17DF-4569-8FB0-98259510B39F}.AppStore|iPhone.Deploy.0 = Release|Any CPU
		{277BA785-17DF-4569-8FB0-98259510B39F}.AppStore|iPhoneSimulator.ActiveCfg = Release|Any CPU
		{277BA785-17DF-4569-8FB0-98259510B39F}.AppStore|iPhoneSimulator.Build.0 = Release|Any CPU
		{277BA785-17DF-4569-8FB0-98259510B39F}.AppStore|iPhoneSimulator.Deploy.0 = Release|Any CPU
		{277BA785-17DF-4569-8FB0-98259510B39F}.Debug|Any CPU.ActiveCfg = Debug|Any CPU
		{277BA785-17DF-4569-8FB0-98259510B39F}.Debug|Any CPU.Build.0 = Debug|Any CPU
		{277BA785-17DF-4569-8FB0-98259510B39F}.Debug|Any CPU.Deploy.0 = Debug|Any CPU
		{277BA785-17DF-4569-8FB0-98259510B39F}.Debug|iPhone.ActiveCfg = Debug|Any CPU
		{277BA785-17DF-4569-8FB0-98259510B39F}.Debug|iPhone.Build.0 = Debug|Any CPU
		{277BA785-17DF-4569-8FB0-98259510B39F}.Debug|iPhone.Deploy.0 = Debug|Any CPU
		{277BA785-17DF-4569-8FB0-98259510B39F}.Debug|iPhoneSimulator.ActiveCfg = Debug|Any CPU
		{277BA785-17DF-4569-8FB0-98259510B39F}.Debug|iPhoneSimulator.Build.0 = Debug|Any CPU
		{277BA785-17DF-4569-8FB0-98259510B39F}.Debug|iPhoneSimulator.Deploy.0 = Debug|Any CPU
		{277BA785-17DF-4569-8FB0-98259510B39F}.Release|Any CPU.ActiveCfg = Release|Any CPU
		{277BA785-17DF-4569-8FB0-98259510B39F}.Release|Any CPU.Build.0 = Release|Any CPU
		{277BA785-17DF-4569-8FB0-98259510B39F}.Release|Any CPU.Deploy.0 = Release|Any CPU
		{277BA785-17DF-4569-8FB0-98259510B39F}.Release|iPhone.ActiveCfg = Release|Any CPU
		{277BA785-17DF-4569-8FB0-98259510B39F}.Release|iPhone.Build.0 = Release|Any CPU
		{277BA785-17DF-4569-8FB0-98259510B39F}.Release|iPhone.Deploy.0 = Release|Any CPU
		{277BA785-17DF-4569-8FB0-98259510B39F}.Release|iPhoneSimulator.ActiveCfg = Release|Any CPU
		{277BA785-17DF-4569-8FB0-98259510B39F}.Release|iPhoneSimulator.Build.0 = Release|Any CPU
		{277BA785-17DF-4569-8FB0-98259510B39F}.Release|iPhoneSimulator.Deploy.0 = Release|Any CPU
		{CB4540C9-BEC4-46EB-A4C1-18761ECF5D1A}.Ad-Hoc|Any CPU.ActiveCfg = Ad-Hoc|iPhone
		{CB4540C9-BEC4-46EB-A4C1-18761ECF5D1A}.Ad-Hoc|Any CPU.Build.0 = Ad-Hoc|iPhone
		{CB4540C9-BEC4-46EB-A4C1-18761ECF5D1A}.Ad-Hoc|Any CPU.Deploy.0 = Ad-Hoc|iPhone
		{CB4540C9-BEC4-46EB-A4C1-18761ECF5D1A}.Ad-Hoc|iPhone.ActiveCfg = Ad-Hoc|iPhone
		{CB4540C9-BEC4-46EB-A4C1-18761ECF5D1A}.Ad-Hoc|iPhone.Build.0 = Ad-Hoc|iPhone
		{CB4540C9-BEC4-46EB-A4C1-18761ECF5D1A}.Ad-Hoc|iPhone.Deploy.0 = Ad-Hoc|iPhone
		{CB4540C9-BEC4-46EB-A4C1-18761ECF5D1A}.Ad-Hoc|iPhoneSimulator.ActiveCfg = Ad-Hoc|iPhoneSimulator
		{CB4540C9-BEC4-46EB-A4C1-18761ECF5D1A}.Ad-Hoc|iPhoneSimulator.Build.0 = Ad-Hoc|iPhoneSimulator
		{CB4540C9-BEC4-46EB-A4C1-18761ECF5D1A}.Ad-Hoc|iPhoneSimulator.Deploy.0 = Ad-Hoc|iPhoneSimulator
		{CB4540C9-BEC4-46EB-A4C1-18761ECF5D1A}.AppStore|Any CPU.ActiveCfg = AppStore|iPhone
		{CB4540C9-BEC4-46EB-A4C1-18761ECF5D1A}.AppStore|Any CPU.Build.0 = AppStore|iPhone
		{CB4540C9-BEC4-46EB-A4C1-18761ECF5D1A}.AppStore|Any CPU.Deploy.0 = AppStore|iPhone
		{CB4540C9-BEC4-46EB-A4C1-18761ECF5D1A}.AppStore|iPhone.ActiveCfg = AppStore|iPhone
		{CB4540C9-BEC4-46EB-A4C1-18761ECF5D1A}.AppStore|iPhone.Build.0 = AppStore|iPhone
		{CB4540C9-BEC4-46EB-A4C1-18761ECF5D1A}.AppStore|iPhone.Deploy.0 = AppStore|iPhone
		{CB4540C9-BEC4-46EB-A4C1-18761ECF5D1A}.AppStore|iPhoneSimulator.ActiveCfg = AppStore|iPhoneSimulator
		{CB4540C9-BEC4-46EB-A4C1-18761ECF5D1A}.AppStore|iPhoneSimulator.Build.0 = AppStore|iPhoneSimulator
		{CB4540C9-BEC4-46EB-A4C1-18761ECF5D1A}.AppStore|iPhoneSimulator.Deploy.0 = AppStore|iPhoneSimulator
		{CB4540C9-BEC4-46EB-A4C1-18761ECF5D1A}.Debug|Any CPU.ActiveCfg = Debug|iPhoneSimulator
		{CB4540C9-BEC4-46EB-A4C1-18761ECF5D1A}.Debug|Any CPU.Build.0 = Debug|iPhoneSimulator
		{CB4540C9-BEC4-46EB-A4C1-18761ECF5D1A}.Debug|Any CPU.Deploy.0 = Debug|iPhoneSimulator
		{CB4540C9-BEC4-46EB-A4C1-18761ECF5D1A}.Debug|iPhone.ActiveCfg = Debug|iPhone
		{CB4540C9-BEC4-46EB-A4C1-18761ECF5D1A}.Debug|iPhone.Build.0 = Debug|iPhone
		{CB4540C9-BEC4-46EB-A4C1-18761ECF5D1A}.Debug|iPhone.Deploy.0 = Debug|iPhone
		{CB4540C9-BEC4-46EB-A4C1-18761ECF5D1A}.Debug|iPhoneSimulator.ActiveCfg = Debug|iPhoneSimulator
		{CB4540C9-BEC4-46EB-A4C1-18761ECF5D1A}.Debug|iPhoneSimulator.Build.0 = Debug|iPhoneSimulator
		{CB4540C9-BEC4-46EB-A4C1-18761ECF5D1A}.Debug|iPhoneSimulator.Deploy.0 = Debug|iPhoneSimulator
		{CB4540C9-BEC4-46EB-A4C1-18761ECF5D1A}.Release|Any CPU.ActiveCfg = Release|iPhone
		{CB4540C9-BEC4-46EB-A4C1-18761ECF5D1A}.Release|Any CPU.Build.0 = Release|iPhone
		{CB4540C9-BEC4-46EB-A4C1-18761ECF5D1A}.Release|Any CPU.Deploy.0 = Release|iPhone
		{CB4540C9-BEC4-46EB-A4C1-18761ECF5D1A}.Release|iPhone.ActiveCfg = Release|iPhone
		{CB4540C9-BEC4-46EB-A4C1-18761ECF5D1A}.Release|iPhone.Build.0 = Release|iPhone
		{CB4540C9-BEC4-46EB-A4C1-18761ECF5D1A}.Release|iPhone.Deploy.0 = Release|iPhone
		{CB4540C9-BEC4-46EB-A4C1-18761ECF5D1A}.Release|iPhoneSimulator.ActiveCfg = Release|iPhoneSimulator
		{CB4540C9-BEC4-46EB-A4C1-18761ECF5D1A}.Release|iPhoneSimulator.Build.0 = Release|iPhoneSimulator
		{CB4540C9-BEC4-46EB-A4C1-18761ECF5D1A}.Release|iPhoneSimulator.Deploy.0 = Release|iPhoneSimulator
		{B6024747-9ADE-4BFA-91C2-0CD9F228D3BB}.Ad-Hoc|Any CPU.ActiveCfg = Debug|Any CPU
		{B6024747-9ADE-4BFA-91C2-0CD9F228D3BB}.Ad-Hoc|Any CPU.Build.0 = Debug|Any CPU
		{B6024747-9ADE-4BFA-91C2-0CD9F228D3BB}.Ad-Hoc|Any CPU.Deploy.0 = Debug|Any CPU
		{B6024747-9ADE-4BFA-91C2-0CD9F228D3BB}.Ad-Hoc|iPhone.ActiveCfg = Debug|Any CPU
		{B6024747-9ADE-4BFA-91C2-0CD9F228D3BB}.Ad-Hoc|iPhone.Build.0 = Debug|Any CPU
		{B6024747-9ADE-4BFA-91C2-0CD9F228D3BB}.Ad-Hoc|iPhone.Deploy.0 = Debug|Any CPU
		{B6024747-9ADE-4BFA-91C2-0CD9F228D3BB}.Ad-Hoc|iPhoneSimulator.ActiveCfg = Debug|Any CPU
		{B6024747-9ADE-4BFA-91C2-0CD9F228D3BB}.Ad-Hoc|iPhoneSimulator.Build.0 = Debug|Any CPU
		{B6024747-9ADE-4BFA-91C2-0CD9F228D3BB}.Ad-Hoc|iPhoneSimulator.Deploy.0 = Debug|Any CPU
		{B6024747-9ADE-4BFA-91C2-0CD9F228D3BB}.AppStore|Any CPU.ActiveCfg = Debug|Any CPU
		{B6024747-9ADE-4BFA-91C2-0CD9F228D3BB}.AppStore|Any CPU.Build.0 = Debug|Any CPU
		{B6024747-9ADE-4BFA-91C2-0CD9F228D3BB}.AppStore|Any CPU.Deploy.0 = Debug|Any CPU
		{B6024747-9ADE-4BFA-91C2-0CD9F228D3BB}.AppStore|iPhone.ActiveCfg = Debug|Any CPU
		{B6024747-9ADE-4BFA-91C2-0CD9F228D3BB}.AppStore|iPhone.Build.0 = Debug|Any CPU
		{B6024747-9ADE-4BFA-91C2-0CD9F228D3BB}.AppStore|iPhone.Deploy.0 = Debug|Any CPU
		{B6024747-9ADE-4BFA-91C2-0CD9F228D3BB}.AppStore|iPhoneSimulator.ActiveCfg = Debug|Any CPU
		{B6024747-9ADE-4BFA-91C2-0CD9F228D3BB}.AppStore|iPhoneSimulator.Build.0 = Debug|Any CPU
		{B6024747-9ADE-4BFA-91C2-0CD9F228D3BB}.AppStore|iPhoneSimulator.Deploy.0 = Debug|Any CPU
		{B6024747-9ADE-4BFA-91C2-0CD9F228D3BB}.Debug|Any CPU.ActiveCfg = Debug|Any CPU
		{B6024747-9ADE-4BFA-91C2-0CD9F228D3BB}.Debug|Any CPU.Build.0 = Debug|Any CPU
		{B6024747-9ADE-4BFA-91C2-0CD9F228D3BB}.Debug|Any CPU.Deploy.0 = Debug|Any CPU
		{B6024747-9ADE-4BFA-91C2-0CD9F228D3BB}.Debug|iPhone.ActiveCfg = Debug|Any CPU
		{B6024747-9ADE-4BFA-91C2-0CD9F228D3BB}.Debug|iPhone.Build.0 = Debug|Any CPU
		{B6024747-9ADE-4BFA-91C2-0CD9F228D3BB}.Debug|iPhone.Deploy.0 = Debug|Any CPU
		{B6024747-9ADE-4BFA-91C2-0CD9F228D3BB}.Debug|iPhoneSimulator.ActiveCfg = Debug|Any CPU
		{B6024747-9ADE-4BFA-91C2-0CD9F228D3BB}.Debug|iPhoneSimulator.Build.0 = Debug|Any CPU
		{B6024747-9ADE-4BFA-91C2-0CD9F228D3BB}.Debug|iPhoneSimulator.Deploy.0 = Debug|Any CPU
		{B6024747-9ADE-4BFA-91C2-0CD9F228D3BB}.Release|Any CPU.ActiveCfg = Release|Any CPU
		{B6024747-9ADE-4BFA-91C2-0CD9F228D3BB}.Release|Any CPU.Build.0 = Release|Any CPU
		{B6024747-9ADE-4BFA-91C2-0CD9F228D3BB}.Release|Any CPU.Deploy.0 = Release|Any CPU
		{B6024747-9ADE-4BFA-91C2-0CD9F228D3BB}.Release|iPhone.ActiveCfg = Release|Any CPU
		{B6024747-9ADE-4BFA-91C2-0CD9F228D3BB}.Release|iPhone.Build.0 = Release|Any CPU
		{B6024747-9ADE-4BFA-91C2-0CD9F228D3BB}.Release|iPhone.Deploy.0 = Release|Any CPU
		{B6024747-9ADE-4BFA-91C2-0CD9F228D3BB}.Release|iPhoneSimulator.ActiveCfg = Release|Any CPU
		{B6024747-9ADE-4BFA-91C2-0CD9F228D3BB}.Release|iPhoneSimulator.Build.0 = Release|Any CPU
		{B6024747-9ADE-4BFA-91C2-0CD9F228D3BB}.Release|iPhoneSimulator.Deploy.0 = Release|Any CPU
	EndGlobalSection
	GlobalSection(SolutionProperties) = preSolution
		HideSolutionNode = FALSE
	EndGlobalSection
	GlobalSection(ExtensibilityGlobals) = postSolution
		SolutionGuid = {6946D137-6E25-4646-A6CA-E1707A1B1BAD}
	EndGlobalSection
EndGlobal
